// !$*UTF8*$!
{
	archiveVersion = 1;
	classes = {
	};
	objectVersion = 56;
	objects = {

/* Begin PBXBuildFile section */
		6B8609272A949C5400FD2836 /* CombineStudyApp.swift in Sources */ = {isa = PBXBuildFile; fileRef = 6B8609262A949C5400FD2836 /* CombineStudyApp.swift */; };
		6B8609292A949C5400FD2836 /* CoronaView.swift in Sources */ = {isa = PBXBuildFile; fileRef = 6B8609282A949C5400FD2836 /* CoronaView.swift */; };
		6B86092B2A949C5500FD2836 /* Assets.xcassets in Resources */ = {isa = PBXBuildFile; fileRef = 6B86092A2A949C5500FD2836 /* Assets.xcassets */; };
		6B86092E2A949C5500FD2836 /* Preview Assets.xcassets in Resources */ = {isa = PBXBuildFile; fileRef = 6B86092D2A949C5500FD2836 /* Preview Assets.xcassets */; };
		6B8609352A949D9900FD2836 /* CoronaViewModel.swift in Sources */ = {isa = PBXBuildFile; fileRef = 6B8609342A949D9900FD2836 /* CoronaViewModel.swift */; };
		6B8609392A94A65700FD2836 /* CoronaService.swift in Sources */ = {isa = PBXBuildFile; fileRef = 6B8609382A94A65700FD2836 /* CoronaService.swift */; };
		6B86093B2A94A68800FD2836 /* CoronaDataResponse.swift in Sources */ = {isa = PBXBuildFile; fileRef = 6B86093A2A94A68800FD2836 /* CoronaDataResponse.swift */; };
		6B86093D2A972B3600FD2836 /* CoronaAPI.swift in Sources */ = {isa = PBXBuildFile; fileRef = 6B86093C2A972B3600FD2836 /* CoronaAPI.swift */; };
/* End PBXBuildFile section */

/* Begin PBXFileReference section */
		6B8609232A949C5400FD2836 /* CombineStudy.app */ = {isa = PBXFileReference; explicitFileType = wrapper.application; includeInIndex = 0; path = CombineStudy.app; sourceTree = BUILT_PRODUCTS_DIR; };
		6B8609262A949C5400FD2836 /* CombineStudyApp.swift */ = {isa = PBXFileReference; lastKnownFileType = sourcecode.swift; path = CombineStudyApp.swift; sourceTree = "<group>"; };
		6B8609282A949C5400FD2836 /* CoronaView.swift */ = {isa = PBXFileReference; lastKnownFileType = sourcecode.swift; path = CoronaView.swift; sourceTree = "<group>"; };
		6B86092A2A949C5500FD2836 /* Assets.xcassets */ = {isa = PBXFileReference; lastKnownFileType = folder.assetcatalog; path = Assets.xcassets; sourceTree = "<group>"; };
		6B86092D2A949C5500FD2836 /* Preview Assets.xcassets */ = {isa = PBXFileReference; lastKnownFileType = folder.assetcatalog; path = "Preview Assets.xcassets"; sourceTree = "<group>"; };
		6B8609342A949D9900FD2836 /* CoronaViewModel.swift */ = {isa = PBXFileReference; lastKnownFileType = sourcecode.swift; path = CoronaViewModel.swift; sourceTree = "<group>"; };
		6B8609382A94A65700FD2836 /* CoronaService.swift */ = {isa = PBXFileReference; lastKnownFileType = sourcecode.swift; path = CoronaService.swift; sourceTree = "<group>"; };
		6B86093A2A94A68800FD2836 /* CoronaDataResponse.swift */ = {isa = PBXFileReference; lastKnownFileType = sourcecode.swift; path = CoronaDataResponse.swift; sourceTree = "<group>"; };
		6B86093C2A972B3600FD2836 /* CoronaAPI.swift */ = {isa = PBXFileReference; lastKnownFileType = sourcecode.swift; path = CoronaAPI.swift; sourceTree = "<group>"; };
/* End PBXFileReference section */

/* Begin PBXFrameworksBuildPhase section */
		6B8609202A949C5400FD2836 /* Frameworks */ = {
			isa = PBXFrameworksBuildPhase;
			buildActionMask = 2147483647;
			files = (
			);
			runOnlyForDeploymentPostprocessing = 0;
		};
/* End PBXFrameworksBuildPhase section */

/* Begin PBXGroup section */
		6B86091A2A949C5400FD2836 = {
			isa = PBXGroup;
			children = (
				6B8609252A949C5400FD2836 /* CombineStudy */,
				6B8609242A949C5400FD2836 /* Products */,
			);
			sourceTree = "<group>";
		};
		6B8609242A949C5400FD2836 /* Products */ = {
			isa = PBXGroup;
			children = (
				6B8609232A949C5400FD2836 /* CombineStudy.app */,
			);
			name = Products;
			sourceTree = "<group>";
		};
		6B8609252A949C5400FD2836 /* CombineStudy */ = {
			isa = PBXGroup;
			children = (
				6B8609372A94A5B300FD2836 /* Corona */,
				6B8609262A949C5400FD2836 /* CombineStudyApp.swift */,
				6B86092A2A949C5500FD2836 /* Assets.xcassets */,
				6B86092C2A949C5500FD2836 /* Preview Content */,
			);
			path = CombineStudy;
			sourceTree = "<group>";
		};
		6B86092C2A949C5500FD2836 /* Preview Content */ = {
			isa = PBXGroup;
			children = (
				6B86092D2A949C5500FD2836 /* Preview Assets.xcassets */,
			);
			path = "Preview Content";
			sourceTree = "<group>";
		};
		6B8609372A94A5B300FD2836 /* Corona */ = {
			isa = PBXGroup;
			children = (
				6B8609282A949C5400FD2836 /* CoronaView.swift */,
				6B8609342A949D9900FD2836 /* CoronaViewModel.swift */,
				6B8609382A94A65700FD2836 /* CoronaService.swift */,
				6B86093A2A94A68800FD2836 /* CoronaDataResponse.swift */,
				6B86093C2A972B3600FD2836 /* CoronaAPI.swift */,
			);
			path = Corona;
			sourceTree = "<group>";
		};
/* End PBXGroup section */

/* Begin PBXNativeTarget section */
		6B8609222A949C5400FD2836 /* CombineStudy */ = {
			isa = PBXNativeTarget;
			buildConfigurationList = 6B8609312A949C5500FD2836 /* Build configuration list for PBXNativeTarget "CombineStudy" */;
			buildPhases = (
				6B86091F2A949C5400FD2836 /* Sources */,
				6B8609202A949C5400FD2836 /* Frameworks */,
				6B8609212A949C5400FD2836 /* Resources */,
			);
			buildRules = (
			);
			dependencies = (
			);
			name = CombineStudy;
			productName = CombineStudy;
			productReference = 6B8609232A949C5400FD2836 /* CombineStudy.app */;
			productType = "com.apple.product-type.application";
		};
/* End PBXNativeTarget section */

/* Begin PBXProject section */
		6B86091B2A949C5400FD2836 /* Project object */ = {
			isa = PBXProject;
			attributes = {
				BuildIndependentTargetsInParallel = 1;
				LastSwiftUpdateCheck = 1430;
				LastUpgradeCheck = 1430;
				TargetAttributes = {
					6B8609222A949C5400FD2836 = {
						CreatedOnToolsVersion = 14.3.1;
					};
				};
			};
			buildConfigurationList = 6B86091E2A949C5400FD2836 /* Build configuration list for PBXProject "CombineStudy" */;
			compatibilityVersion = "Xcode 14.0";
			developmentRegion = en;
			hasScannedForEncodings = 0;
			knownRegions = (
				en,
				Base,
			);
			mainGroup = 6B86091A2A949C5400FD2836;
			productRefGroup = 6B8609242A949C5400FD2836 /* Products */;
			projectDirPath = "";
			projectRoot = "";
			targets = (
				6B8609222A949C5400FD2836 /* CombineStudy */,
			);
		};
/* End PBXProject section */

/* Begin PBXResourcesBuildPhase section */
		6B8609212A949C5400FD2836 /* Resources */ = {
			isa = PBXResourcesBuildPhase;
			buildActionMask = 2147483647;
			files = (
				6B86092E2A949C5500FD2836 /* Preview Assets.xcassets in Resources */,
				6B86092B2A949C5500FD2836 /* Assets.xcassets in Resources */,
			);
			runOnlyForDeploymentPostprocessing = 0;
		};
/* End PBXResourcesBuildPhase section */

/* Begin PBXSourcesBuildPhase section */
		6B86091F2A949C5400FD2836 /* Sources */ = {
			isa = PBXSourcesBuildPhase;
			buildActionMask = 2147483647;
			files = (
				6B86093D2A972B3600FD2836 /* CoronaAPI.swift in Sources */,
				6B8609292A949C5400FD2836 /* CoronaView.swift in Sources */,
				6B8609392A94A65700FD2836 /* CoronaService.swift in Sources */,
				6B8609272A949C5400FD2836 /* CombineStudyApp.swift in Sources */,
				6B8609352A949D9900FD2836 /* CoronaViewModel.swift in Sources */,
				6B86093B2A94A68800FD2836 /* CoronaDataResponse.swift in Sources */,
			);
			runOnlyForDeploymentPostprocessing = 0;
		};
/* End PBXSourcesBuildPhase section */

/* Begin XCBuildConfiguration section */
		6B86092F2A949C5500FD2836 /* Debug */ = {
			isa = XCBuildConfiguration;
			buildSettings = {
				ALWAYS_SEARCH_USER_PATHS = NO;
				CLANG_ANALYZER_NONNULL = YES;
				CLANG_ANALYZER_NUMBER_OBJECT_CONVERSION = YES_AGGRESSIVE;
				CLANG_CXX_LANGUAGE_STANDARD = "gnu++20";
				CLANG_ENABLE_MODULES = YES;
				CLANG_ENABLE_OBJC_ARC = YES;
				CLANG_ENABLE_OBJC_WEAK = YES;
				CLANG_WARN_BLOCK_CAPTURE_AUTORELEASING = YES;
				CLANG_WARN_BOOL_CONVERSION = YES;
				CLANG_WARN_COMMA = YES;
				CLANG_WARN_CONSTANT_CONVERSION = YES;
				CLANG_WARN_DEPRECATED_OBJC_IMPLEMENTATIONS = YES;
				CLANG_WARN_DIRECT_OBJC_ISA_USAGE = YES_ERROR;
				CLANG_WARN_DOCUMENTATION_COMMENTS = YES;
				CLANG_WARN_EMPTY_BODY = YES;
				CLANG_WARN_ENUM_CONVERSION = YES;
				CLANG_WARN_INFINITE_RECURSION = YES;
				CLANG_WARN_INT_CONVERSION = YES;
				CLANG_WARN_NON_LITERAL_NULL_CONVERSION = YES;
				CLANG_WARN_OBJC_IMPLICIT_RETAIN_SELF = YES;
				CLANG_WARN_OBJC_LITERAL_CONVERSION = YES;
				CLANG_WARN_OBJC_ROOT_CLASS = YES_ERROR;
				CLANG_WARN_QUOTED_INCLUDE_IN_FRAMEWORK_HEADER = YES;
				CLANG_WARN_RANGE_LOOP_ANALYSIS = YES;
				CLANG_WARN_STRICT_PROTOTYPES = YES;
				CLANG_WARN_SUSPICIOUS_MOVE = YES;
				CLANG_WARN_UNGUARDED_AVAILABILITY = YES_AGGRESSIVE;
				CLANG_WARN_UNREACHABLE_CODE = YES;
				CLANG_WARN__DUPLICATE_METHOD_MATCH = YES;
				COPY_PHASE_STRIP = NO;
				DEBUG_INFORMATION_FORMAT = dwarf;
				ENABLE_STRICT_OBJC_MSGSEND = YES;
				ENABLE_TESTABILITY = YES;
				GCC_C_LANGUAGE_STANDARD = gnu11;
				GCC_DYNAMIC_NO_PIC = NO;
				GCC_NO_COMMON_BLOCKS = YES;
				GCC_OPTIMIZATION_LEVEL = 0;
				GCC_PREPROCESSOR_DEFINITIONS = (
					"DEBUG=1",
					"$(inherited)",
				);
				GCC_WARN_64_TO_32_BIT_CONVERSION = YES;
				GCC_WARN_ABOUT_RETURN_TYPE = YES_ERROR;
				GCC_WARN_UNDECLARED_SELECTOR = YES;
				GCC_WARN_UNINITIALIZED_AUTOS = YES_AGGRESSIVE;
				GCC_WARN_UNUSED_FUNCTION = YES;
				GCC_WARN_UNUSED_VARIABLE = YES;
				IPHONEOS_DEPLOYMENT_TARGET = 16.4;
				MTL_ENABLE_DEBUG_INFO = INCLUDE_SOURCE;
				MTL_FAST_MATH = YES;
				ONLY_ACTIVE_ARCH = YES;
				SDKROOT = iphoneos;
				SWIFT_ACTIVE_COMPILATION_CONDITIONS = DEBUG;
				SWIFT_OPTIMIZATION_LEVEL = "-Onone";
			};
			name = Debug;
		};
		6B8609302A949C5500FD2836 /* Release */ = {
			isa = XCBuildConfiguration;
			buildSettings = {
				ALWAYS_SEARCH_USER_PATHS = NO;
				CLANG_ANALYZER_NONNULL = YES;
				CLANG_ANALYZER_NUMBER_OBJECT_CONVERSION = YES_AGGRESSIVE;
				CLANG_CXX_LANGUAGE_STANDARD = "gnu++20";
				CLANG_ENABLE_MODULES = YES;
				CLANG_ENABLE_OBJC_ARC = YES;
				CLANG_ENABLE_OBJC_WEAK = YES;
				CLANG_WARN_BLOCK_CAPTURE_AUTORELEASING = YES;
				CLANG_WARN_BOOL_CONVERSION = YES;
				CLANG_WARN_COMMA = YES;
				CLANG_WARN_CONSTANT_CONVERSION = YES;
				CLANG_WARN_DEPRECATED_OBJC_IMPLEMENTATIONS = YES;
				CLANG_WARN_DIRECT_OBJC_ISA_USAGE = YES_ERROR;
				CLANG_WARN_DOCUMENTATION_COMMENTS = YES;
				CLANG_WARN_EMPTY_BODY = YES;
				CLANG_WARN_ENUM_CONVERSION = YES;
				CLANG_WARN_INFINITE_RECURSION = YES;
				CLANG_WARN_INT_CONVERSION = YES;
				CLANG_WARN_NON_LITERAL_NULL_CONVERSION = YES;
				CLANG_WARN_OBJC_IMPLICIT_RETAIN_SELF = YES;
				CLANG_WARN_OBJC_LITERAL_CONVERSION = YES;
				CLANG_WARN_OBJC_ROOT_CLASS = YES_ERROR;
				CLANG_WARN_QUOTED_INCLUDE_IN_FRAMEWORK_HEADER = YES;
				CLANG_WARN_RANGE_LOOP_ANALYSIS = YES;
				CLANG_WARN_STRICT_PROTOTYPES = YES;
				CLANG_WARN_SUSPICIOUS_MOVE = YES;
				CLANG_WARN_UNGUARDED_AVAILABILITY = YES_AGGRESSIVE;
				CLANG_WARN_UNREACHABLE_CODE = YES;
				CLANG_WARN__DUPLICATE_METHOD_MATCH = YES;
				COPY_PHASE_STRIP = NO;
				DEBUG_INFORMATION_FORMAT = "dwarf-with-dsym";
				ENABLE_NS_ASSERTIONS = NO;
				ENABLE_STRICT_OBJC_MSGSEND = YES;
				GCC_C_LANGUAGE_STANDARD = gnu11;
				GCC_NO_COMMON_BLOCKS = YES;
				GCC_WARN_64_TO_32_BIT_CONVERSION = YES;
				GCC_WARN_ABOUT_RETURN_TYPE = YES_ERROR;
				GCC_WARN_UNDECLARED_SELECTOR = YES;
				GCC_WARN_UNINITIALIZED_AUTOS = YES_AGGRESSIVE;
				GCC_WARN_UNUSED_FUNCTION = YES;
				GCC_WARN_UNUSED_VARIABLE = YES;
				IPHONEOS_DEPLOYMENT_TARGET = 16.4;
				MTL_ENABLE_DEBUG_INFO = NO;
				MTL_FAST_MATH = YES;
				SDKROOT = iphoneos;
				SWIFT_COMPILATION_MODE = wholemodule;
				SWIFT_OPTIMIZATION_LEVEL = "-O";
				VALIDATE_PRODUCT = YES;
			};
			name = Release;
		};
		6B8609322A949C5500FD2836 /* Debug */ = {
			isa = XCBuildConfiguration;
			buildSettings = {
				ASSETCATALOG_COMPILER_APPICON_NAME = AppIcon;
				ASSETCATALOG_COMPILER_GLOBAL_ACCENT_COLOR_NAME = AccentColor;
				CODE_SIGN_STYLE = Automatic;
				CURRENT_PROJECT_VERSION = 1;
				DEVELOPMENT_ASSET_PATHS = "\"CombineStudy/Preview Content\"";
				DEVELOPMENT_TEAM = SCEZ5R8HKX;
				ENABLE_PREVIEWS = YES;
				GENERATE_INFOPLIST_FILE = YES;
				INFOPLIST_KEY_UIApplicationSceneManifest_Generation = YES;
				INFOPLIST_KEY_UIApplicationSupportsIndirectInputEvents = YES;
				INFOPLIST_KEY_UILaunchScreen_Generation = YES;
				INFOPLIST_KEY_UISupportedInterfaceOrientations_iPad = "UIInterfaceOrientationPortrait UIInterfaceOrientationPortraitUpsideDown UIInterfaceOrientationLandscapeLeft UIInterfaceOrientationLandscapeRight";
				INFOPLIST_KEY_UISupportedInterfaceOrientations_iPhone = "UIInterfaceOrientationPortrait UIInterfaceOrientationLandscapeLeft UIInterfaceOrientationLandscapeRight";
				LD_RUNPATH_SEARCH_PATHS = (
					"$(inherited)",
					"@executable_path/Frameworks",
				);
				MARKETING_VERSION = 1.0;
				PRODUCT_BUNDLE_IDENTIFIER = com.yoonds.CombineStudy;
				PRODUCT_NAME = "$(TARGET_NAME)";
				SWIFT_EMIT_LOC_STRINGS = YES;
				SWIFT_VERSION = 5.0;
				TARGETED_DEVICE_FAMILY = "1,2";
			};
			name = Debug;
		};
		6B8609332A949C5500FD2836 /* Release */ = {
			isa = XCBuildConfiguration;
			buildSettings = {
				ASSETCATALOG_COMPILER_APPICON_NAME = AppIcon;
				ASSETCATALOG_COMPILER_GLOBAL_ACCENT_COLOR_NAME = AccentColor;
				CODE_SIGN_STYLE = Automatic;
				CURRENT_PROJECT_VERSION = 1;
				DEVELOPMENT_ASSET_PATHS = "\"CombineStudy/Preview Content\"";
				DEVELOPMENT_TEAM = SCEZ5R8HKX;
				ENABLE_PREVIEWS = YES;
				GENERATE_INFOPLIST_FILE = YES;
				INFOPLIST_KEY_UIApplicationSceneManifest_Generation = YES;
				INFOPLIST_KEY_UIApplicationSupportsIndirectInputEvents = YES;
				INFOPLIST_KEY_UILaunchScreen_Generation = YES;
				INFOPLIST_KEY_UISupportedInterfaceOrientations_iPad = "UIInterfaceOrientationPortrait UIInterfaceOrientationPortraitUpsideDown UIInterfaceOrientationLandscapeLeft UIInterfaceOrientationLandscapeRight";
				INFOPLIST_KEY_UISupportedInterfaceOrientations_iPhone = "UIInterfaceOrientationPortrait UIInterfaceOrientationLandscapeLeft UIInterfaceOrientationLandscapeRight";
				LD_RUNPATH_SEARCH_PATHS = (
					"$(inherited)",
					"@executable_path/Frameworks",
				);
				MARKETING_VERSION = 1.0;
				PRODUCT_BUNDLE_IDENTIFIER = com.yoonds.CombineStudy;
				PRODUCT_NAME = "$(TARGET_NAME)";
				SWIFT_EMIT_LOC_STRINGS = YES;
				SWIFT_VERSION = 5.0;
				TARGETED_DEVICE_FAMILY = "1,2";
			};
			name = Release;
		};
/* End XCBuildConfiguration section */

/* Begin XCConfigurationList section */
		6B86091E2A949C5400FD2836 /* Build configuration list for PBXProject "CombineStudy" */ = {
			isa = XCConfigurationList;
			buildConfigurations = (
				6B86092F2A949C5500FD2836 /* Debug */,
				6B8609302A949C5500FD2836 /* Release */,
			);
			defaultConfigurationIsVisible = 0;
			defaultConfigurationName = Release;
		};
		6B8609312A949C5500FD2836 /* Build configuration list for PBXNativeTarget "CombineStudy" */ = {
			isa = XCConfigurationList;
			buildConfigurations = (
				6B8609322A949C5500FD2836 /* Debug */,
				6B8609332A949C5500FD2836 /* Release */,
			);
			defaultConfigurationIsVisible = 0;
			defaultConfigurationName = Release;
		};
/* End XCConfigurationList section */
	};
	rootObject = 6B86091B2A949C5400FD2836 /* Project object */;
}
